// !$*UTF8*$!
{
	archiveVersion = 1;
	classes = {
	};
	objectVersion = 46;
	objects = {

/* Begin PBXBuildFile section */
		6399FB4B1E4B81BB00EAF13E /* main.m in Sources */ = {isa = PBXBuildFile; fileRef = 6399FB4A1E4B81BB00EAF13E /* main.m */; };
		6399FB4E1E4B81BB00EAF13E /* AppDelegate.m in Sources */ = {isa = PBXBuildFile; fileRef = 6399FB4D1E4B81BB00EAF13E /* AppDelegate.m */; };
		6399FB511E4B81BB00EAF13E /* ViewController.m in Sources */ = {isa = PBXBuildFile; fileRef = 6399FB501E4B81BB00EAF13E /* ViewController.m */; };
		6399FB541E4B81BB00EAF13E /* Main.storyboard in Resources */ = {isa = PBXBuildFile; fileRef = 6399FB521E4B81BB00EAF13E /* Main.storyboard */; };
		6399FB561E4B81BB00EAF13E /* Assets.xcassets in Resources */ = {isa = PBXBuildFile; fileRef = 6399FB551E4B81BB00EAF13E /* Assets.xcassets */; };
		6399FB591E4B81BB00EAF13E /* LaunchScreen.storyboard in Resources */ = {isa = PBXBuildFile; fileRef = 6399FB571E4B81BB00EAF13E /* LaunchScreen.storyboard */; };
		63E3D8831E4CA22F00AE8A63 /* YKGoodsCollectionCell.m in Sources */ = {isa = PBXBuildFile; fileRef = 63E3D8811E4CA22F00AE8A63 /* YKGoodsCollectionCell.m */; };
		63E3D8841E4CA22F00AE8A63 /* YKGoodsCollectionCell.xib in Resources */ = {isa = PBXBuildFile; fileRef = 63E3D8821E4CA22F00AE8A63 /* YKGoodsCollectionCell.xib */; };
		63E3D8881E4CDC5100AE8A63 /* NSObject+LLRefresh.m in Sources */ = {isa = PBXBuildFile; fileRef = 63E3D8871E4CDC5100AE8A63 /* NSObject+LLRefresh.m */; };
		E82FC5864032B57255480564 /* libPods-LLRefreshDemo.a in Frameworks */ = {isa = PBXBuildFile; fileRef = EA1ACA53D80C8B69BCE09C41 /* libPods-LLRefreshDemo.a */; };
/* End PBXBuildFile section */

/* Begin PBXFileReference section */
		6399FB461E4B81BB00EAF13E /* LLRefreshDemo.app */ = {isa = PBXFileReference; explicitFileType = wrapper.application; includeInIndex = 0; path = LLRefreshDemo.app; sourceTree = BUILT_PRODUCTS_DIR; };
		6399FB4A1E4B81BB00EAF13E /* main.m */ = {isa = PBXFileReference; lastKnownFileType = sourcecode.c.objc; path = main.m; sourceTree = "<group>"; };
		6399FB4C1E4B81BB00EAF13E /* AppDelegate.h */ = {isa = PBXFileReference; lastKnownFileType = sourcecode.c.h; path = AppDelegate.h; sourceTree = "<group>"; };
		6399FB4D1E4B81BB00EAF13E /* AppDelegate.m */ = {isa = PBXFileReference; lastKnownFileType = sourcecode.c.objc; path = AppDelegate.m; sourceTree = "<group>"; };
		6399FB4F1E4B81BB00EAF13E /* ViewController.h */ = {isa = PBXFileReference; lastKnownFileType = sourcecode.c.h; path = ViewController.h; sourceTree = "<group>"; };
		6399FB501E4B81BB00EAF13E /* ViewController.m */ = {isa = PBXFileReference; lastKnownFileType = sourcecode.c.objc; path = ViewController.m; sourceTree = "<group>"; };
		6399FB531E4B81BB00EAF13E /* Base */ = {isa = PBXFileReference; lastKnownFileType = file.storyboard; name = Base; path = Base.lproj/Main.storyboard; sourceTree = "<group>"; };
		6399FB551E4B81BB00EAF13E /* Assets.xcassets */ = {isa = PBXFileReference; lastKnownFileType = folder.assetcatalog; path = Assets.xcassets; sourceTree = "<group>"; };
		6399FB581E4B81BB00EAF13E /* Base */ = {isa = PBXFileReference; lastKnownFileType = file.storyboard; name = Base; path = Base.lproj/LaunchScreen.storyboard; sourceTree = "<group>"; };
		6399FB5A1E4B81BB00EAF13E /* Info.plist */ = {isa = PBXFileReference; lastKnownFileType = text.plist.xml; path = Info.plist; sourceTree = "<group>"; };
		63E3D8801E4CA22F00AE8A63 /* YKGoodsCollectionCell.h */ = {isa = PBXFileReference; fileEncoding = 4; lastKnownFileType = sourcecode.c.h; path = YKGoodsCollectionCell.h; sourceTree = "<group>"; };
		63E3D8811E4CA22F00AE8A63 /* YKGoodsCollectionCell.m */ = {isa = PBXFileReference; fileEncoding = 4; lastKnownFileType = sourcecode.c.objc; path = YKGoodsCollectionCell.m; sourceTree = "<group>"; };
		63E3D8821E4CA22F00AE8A63 /* YKGoodsCollectionCell.xib */ = {isa = PBXFileReference; fileEncoding = 4; lastKnownFileType = file.xib; path = YKGoodsCollectionCell.xib; sourceTree = "<group>"; };
		63E3D8861E4CDC5100AE8A63 /* NSObject+LLRefresh.h */ = {isa = PBXFileReference; fileEncoding = 4; lastKnownFileType = sourcecode.c.h; path = "NSObject+LLRefresh.h"; sourceTree = "<group>"; };
		63E3D8871E4CDC5100AE8A63 /* NSObject+LLRefresh.m */ = {isa = PBXFileReference; fileEncoding = 4; lastKnownFileType = sourcecode.c.objc; path = "NSObject+LLRefresh.m"; sourceTree = "<group>"; };
		64EAB2994DC71A4EA0F96A7E /* Pods-LLRefreshDemo.release.xcconfig */ = {isa = PBXFileReference; includeInIndex = 1; lastKnownFileType = text.xcconfig; name = "Pods-LLRefreshDemo.release.xcconfig"; path = "Pods/Target Support Files/Pods-LLRefreshDemo/Pods-LLRefreshDemo.release.xcconfig"; sourceTree = "<group>"; };
		B76B10CFB65663840F137FF1 /* Pods-LLRefreshDemo.debug.xcconfig */ = {isa = PBXFileReference; includeInIndex = 1; lastKnownFileType = text.xcconfig; name = "Pods-LLRefreshDemo.debug.xcconfig"; path = "Pods/Target Support Files/Pods-LLRefreshDemo/Pods-LLRefreshDemo.debug.xcconfig"; sourceTree = "<group>"; };
		EA1ACA53D80C8B69BCE09C41 /* libPods-LLRefreshDemo.a */ = {isa = PBXFileReference; explicitFileType = archive.ar; includeInIndex = 0; path = "libPods-LLRefreshDemo.a"; sourceTree = BUILT_PRODUCTS_DIR; };
/* End PBXFileReference section */

/* Begin PBXFrameworksBuildPhase section */
		6399FB431E4B81BB00EAF13E /* Frameworks */ = {
			isa = PBXFrameworksBuildPhase;
			buildActionMask = 2147483647;
			files = (
				E82FC5864032B57255480564 /* libPods-LLRefreshDemo.a in Frameworks */,
			);
			runOnlyForDeploymentPostprocessing = 0;
		};
/* End PBXFrameworksBuildPhase section */

/* Begin PBXGroup section */
		6318CC165256ADC19EDA9DDD /* Frameworks */ = {
			isa = PBXGroup;
			children = (
				EA1ACA53D80C8B69BCE09C41 /* libPods-LLRefreshDemo.a */,
			);
			name = Frameworks;
			sourceTree = "<group>";
		};
		6399FB3D1E4B81BB00EAF13E = {
			isa = PBXGroup;
			children = (
				6399FB481E4B81BB00EAF13E /* LLRefreshDemo */,
				6399FB471E4B81BB00EAF13E /* Products */,
				B773F5D1D586E97599FD24D1 /* Pods */,
				6318CC165256ADC19EDA9DDD /* Frameworks */,
			);
			sourceTree = "<group>";
		};
		6399FB471E4B81BB00EAF13E /* Products */ = {
			isa = PBXGroup;
			children = (
				6399FB461E4B81BB00EAF13E /* LLRefreshDemo.app */,
			);
			name = Products;
			sourceTree = "<group>";
		};
		6399FB481E4B81BB00EAF13E /* LLRefreshDemo */ = {
			isa = PBXGroup;
			children = (
				63E3D8851E4CDC5100AE8A63 /* LLRefresh */,
				6399FB4C1E4B81BB00EAF13E /* AppDelegate.h */,
				6399FB4D1E4B81BB00EAF13E /* AppDelegate.m */,
				6399FB4F1E4B81BB00EAF13E /* ViewController.h */,
				6399FB501E4B81BB00EAF13E /* ViewController.m */,
				63E3D8801E4CA22F00AE8A63 /* YKGoodsCollectionCell.h */,
				63E3D8811E4CA22F00AE8A63 /* YKGoodsCollectionCell.m */,
				63E3D8821E4CA22F00AE8A63 /* YKGoodsCollectionCell.xib */,
				6399FB521E4B81BB00EAF13E /* Main.storyboard */,
				6399FB551E4B81BB00EAF13E /* Assets.xcassets */,
				6399FB571E4B81BB00EAF13E /* LaunchScreen.storyboard */,
				6399FB5A1E4B81BB00EAF13E /* Info.plist */,
				6399FB491E4B81BB00EAF13E /* Supporting Files */,
			);
			path = LLRefreshDemo;
			sourceTree = "<group>";
		};
		6399FB491E4B81BB00EAF13E /* Supporting Files */ = {
			isa = PBXGroup;
			children = (
				6399FB4A1E4B81BB00EAF13E /* main.m */,
			);
			name = "Supporting Files";
			sourceTree = "<group>";
		};
		63E3D8851E4CDC5100AE8A63 /* LLRefresh */ = {
			isa = PBXGroup;
			children = (
				63E3D8861E4CDC5100AE8A63 /* NSObject+LLRefresh.h */,
				63E3D8871E4CDC5100AE8A63 /* NSObject+LLRefresh.m */,
			);
			path = LLRefresh;
			sourceTree = SOURCE_ROOT;
		};
		B773F5D1D586E97599FD24D1 /* Pods */ = {
			isa = PBXGroup;
			children = (
				B76B10CFB65663840F137FF1 /* Pods-LLRefreshDemo.debug.xcconfig */,
				64EAB2994DC71A4EA0F96A7E /* Pods-LLRefreshDemo.release.xcconfig */,
			);
			name = Pods;
			sourceTree = "<group>";
		};
/* End PBXGroup section */

/* Begin PBXNativeTarget section */
		6399FB451E4B81BB00EAF13E /* LLRefreshDemo */ = {
			isa = PBXNativeTarget;
			buildConfigurationList = 6399FB5D1E4B81BB00EAF13E /* Build configuration list for PBXNativeTarget "LLRefreshDemo" */;
			buildPhases = (
				B73FA4222CF19D14A23E2911 /* [CP] Check Pods Manifest.lock */,
				6399FB421E4B81BB00EAF13E /* Sources */,
				6399FB431E4B81BB00EAF13E /* Frameworks */,
				6399FB441E4B81BB00EAF13E /* Resources */,
				221CA9AA7E7FCDCEE987F220 /* [CP] Embed Pods Frameworks */,
				9F624B169AD7EE3281C2447D /* [CP] Copy Pods Resources */,
			);
			buildRules = (
			);
			dependencies = (
			);
			name = LLRefreshDemo;
			productName = LLRefreshDemo;
			productReference = 6399FB461E4B81BB00EAF13E /* LLRefreshDemo.app */;
			productType = "com.apple.product-type.application";
		};
/* End PBXNativeTarget section */

/* Begin PBXProject section */
		6399FB3E1E4B81BB00EAF13E /* Project object */ = {
			isa = PBXProject;
			attributes = {
				LastUpgradeCheck = 0820;
				ORGANIZATIONNAME = Ecommerce;
				TargetAttributes = {
					6399FB451E4B81BB00EAF13E = {
						CreatedOnToolsVersion = 8.2;
						DevelopmentTeam = S63S4UNJRM;
						ProvisioningStyle = Automatic;
					};
				};
			};
			buildConfigurationList = 6399FB411E4B81BB00EAF13E /* Build configuration list for PBXProject "LLRefreshDemo" */;
			compatibilityVersion = "Xcode 3.2";
			developmentRegion = English;
			hasScannedForEncodings = 0;
			knownRegions = (
				en,
				Base,
			);
			mainGroup = 6399FB3D1E4B81BB00EAF13E;
			productRefGroup = 6399FB471E4B81BB00EAF13E /* Products */;
			projectDirPath = "";
			projectRoot = "";
			targets = (
				6399FB451E4B81BB00EAF13E /* LLRefreshDemo */,
			);
		};
/* End PBXProject section */

/* Begin PBXResourcesBuildPhase section */
		6399FB441E4B81BB00EAF13E /* Resources */ = {
			isa = PBXResourcesBuildPhase;
			buildActionMask = 2147483647;
			files = (
				6399FB591E4B81BB00EAF13E /* LaunchScreen.storyboard in Resources */,
				6399FB561E4B81BB00EAF13E /* Assets.xcassets in Resources */,
				63E3D8841E4CA22F00AE8A63 /* YKGoodsCollectionCell.xib in Resources */,
				6399FB541E4B81BB00EAF13E /* Main.storyboard in Resources */,
			);
			runOnlyForDeploymentPostprocessing = 0;
		};
/* End PBXResourcesBuildPhase section */

/* Begin PBXShellScriptBuildPhase section */
		221CA9AA7E7FCDCEE987F220 /* [CP] Embed Pods Frameworks */ = {
			isa = PBXShellScriptBuildPhase;
			buildActionMask = 2147483647;
			files = (
			);
			inputPaths = (
			);
			name = "[CP] Embed Pods Frameworks";
			outputPaths = (
			);
			runOnlyForDeploymentPostprocessing = 0;
			shellPath = /bin/sh;
			shellScript = "\"${SRCROOT}/Pods/Target Support Files/Pods-LLRefreshDemo/Pods-LLRefreshDemo-frameworks.sh\"\n";
			showEnvVarsInLog = 0;
		};
		9F624B169AD7EE3281C2447D /* [CP] Copy Pods Resources */ = {
			isa = PBXShellScriptBuildPhase;
			buildActionMask = 2147483647;
			files = (
			);
			inputPaths = (
			);
			name = "[CP] Copy Pods Resources";
			outputPaths = (
			);
			runOnlyForDeploymentPostprocessing = 0;
			shellPath = /bin/sh;
			shellScript = "\"${SRCROOT}/Pods/Target Support Files/Pods-LLRefreshDemo/Pods-LLRefreshDemo-resources.sh\"\n";
			showEnvVarsInLog = 0;
		};
		B73FA4222CF19D14A23E2911 /* [CP] Check Pods Manifest.lock */ = {
			isa = PBXShellScriptBuildPhase;
			buildActionMask = 2147483647;
			files = (
			);
			inputPaths = (
			);
			name = "[CP] Check Pods Manifest.lock";
			outputPaths = (
			);
			runOnlyForDeploymentPostprocessing = 0;
			shellPath = /bin/sh;
			shellScript = "diff \"${PODS_ROOT}/../Podfile.lock\" \"${PODS_ROOT}/Manifest.lock\" > /dev/null\nif [ $? != 0 ] ; then\n    # print error to STDERR\n    echo \"error: The sandbox is not in sync with the Podfile.lock. Run 'pod install' or update your CocoaPods installation.\" >&2\n    exit 1\nfi\n";
			showEnvVarsInLog = 0;
		};
/* End PBXShellScriptBuildPhase section */

/* Begin PBXSourcesBuildPhase section */
		6399FB421E4B81BB00EAF13E /* Sources */ = {
			isa = PBXSourcesBuildPhase;
			buildActionMask = 2147483647;
			files = (
				6399FB511E4B81BB00EAF13E /* ViewController.m in Sources */,
				6399FB4E1E4B81BB00EAF13E /* AppDelegate.m in Sources */,
				6399FB4B1E4B81BB00EAF13E /* main.m in Sources */,
				63E3D8881E4CDC5100AE8A63 /* NSObject+LLRefresh.m in Sources */,
				63E3D8831E4CA22F00AE8A63 /* YKGoodsCollectionCell.m in Sources */,
			);
			runOnlyForDeploymentPostprocessing = 0;
		};
/* End PBXSourcesBuildPhase section */

/* Begin PBXVariantGroup section */
		6399FB521E4B81BB00EAF13E /* Main.storyboard */ = {
			isa = PBXVariantGroup;
			children = (
				6399FB531E4B81BB00EAF13E /* Base */,
			);
			name = Main.storyboard;
			sourceTree = "<group>";
		};
		6399FB571E4B81BB00EAF13E /* LaunchScreen.storyboard */ = {
			isa = PBXVariantGroup;
			children = (
				6399FB581E4B81BB00EAF13E /* Base */,
			);
			name = LaunchScreen.storyboard;
			sourceTree = "<group>";
		};
/* End PBXVariantGroup section */

/* Begin XCBuildConfiguration section */
		6399FB5B1E4B81BB00EAF13E /* Debug */ = {
			isa = XCBuildConfiguration;
			buildSettings = {
				ALWAYS_SEARCH_USER_PATHS = NO;
				CLANG_ANALYZER_NONNULL = YES;
				CLANG_CXX_LANGUAGE_STANDARD = "gnu++0x";
				CLANG_CXX_LIBRARY = "libc++";
				CLANG_ENABLE_MODULES = YES;
				CLANG_ENABLE_OBJC_ARC = YES;
				CLANG_WARN_BOOL_CONVERSION = YES;
				CLANG_WARN_CONSTANT_CONVERSION = YES;
				CLANG_WARN_DIRECT_OBJC_ISA_USAGE = YES_ERROR;
				CLANG_WARN_DOCUMENTATION_COMMENTS = YES;
				CLANG_WARN_EMPTY_BODY = YES;
				CLANG_WARN_ENUM_CONVERSION = YES;
				CLANG_WARN_INFINITE_RECURSION = YES;
				CLANG_WARN_INT_CONVERSION = YES;
				CLANG_WARN_OBJC_ROOT_CLASS = YES_ERROR;
				CLANG_WARN_SUSPICIOUS_MOVE = YES;
				CLANG_WARN_UNREACHABLE_CODE = YES;
				CLANG_WARN__DUPLICATE_METHOD_MATCH = YES;
				"CODE_SIGN_IDENTITY[sdk=iphoneos*]" = "iPhone Developer";
				COPY_PHASE_STRIP = NO;
				DEBUG_INFORMATION_FORMAT = dwarf;
				ENABLE_STRICT_OBJC_MSGSEND = YES;
				ENABLE_TESTABILITY = YES;
				GCC_C_LANGUAGE_STANDARD = gnu99;
				GCC_DYNAMIC_NO_PIC = NO;
				GCC_NO_COMMON_BLOCKS = YES;
				GCC_OPTIMIZATION_LEVEL = 0;
				GCC_PREPROCESSOR_DEFINITIONS = (
					"DEBUG=1",
					"$(inherited)",
				);
				GCC_WARN_64_TO_32_BIT_CONVERSION = YES;
				GCC_WARN_ABOUT_RETURN_TYPE = YES_ERROR;
				GCC_WARN_UNDECLARED_SELECTOR = YES;
				GCC_WARN_UNINITIALIZED_AUTOS = YES_AGGRESSIVE;
				GCC_WARN_UNUSED_FUNCTION = YES;
				GCC_WARN_UNUSED_VARIABLE = YES;
				IPHONEOS_DEPLOYMENT_TARGET = 10.2;
				MTL_ENABLE_DEBUG_INFO = YES;
				ONLY_ACTIVE_ARCH = YES;
				SDKROOT = iphoneos;
			};
			name = Debug;
		};
		6399FB5C1E4B81BB00EAF13E /* Release */ = {
			isa = XCBuildConfiguration;
			buildSettings = {
				ALWAYS_SEARCH_USER_PATHS = NO;
				CLANG_ANALYZER_NONNULL = YES;
				CLANG_CXX_LANGUAGE_STANDARD = "gnu++0x";
				CLANG_CXX_LIBRARY = "libc++";
				CLANG_ENABLE_MODULES = YES;
				CLANG_ENABLE_OBJC_ARC = YES;
				CLANG_WARN_BOOL_CONVERSION = YES;
				CLANG_WARN_CONSTANT_CONVERSION = YES;
				CLANG_WARN_DIRECT_OBJC_ISA_USAGE = YES_ERROR;
				CLANG_WARN_DOCUMENTATION_COMMENTS = YES;
				CLANG_WARN_EMPTY_BODY = YES;
				CLANG_WARN_ENUM_CONVERSION = YES;
				CLANG_WARN_INFINITE_RECURSION = YES;
				CLANG_WARN_INT_CONVERSION = YES;
				CLANG_WARN_OBJC_ROOT_CLASS = YES_ERROR;
				CLANG_WARN_SUSPICIOUS_MOVE = YES;
				CLANG_WARN_UNREACHABLE_CODE = YES;
				CLANG_WARN__DUPLICATE_METHOD_MATCH = YES;
				"CODE_SIGN_IDENTITY[sdk=iphoneos*]" = "iPhone Developer";
				COPY_PHASE_STRIP = NO;
				DEBUG_INFORMATION_FORMAT = "dwarf-with-dsym";
				ENABLE_NS_ASSERTIONS = NO;
				ENABLE_STRICT_OBJC_MSGSEND = YES;
				GCC_C_LANGUAGE_STANDARD = gnu99;
				GCC_NO_COMMON_BLOCKS = YES;
				GCC_WARN_64_TO_32_BIT_CONVERSION = YES;
				GCC_WARN_ABOUT_RETURN_TYPE = YES_ERROR;
				GCC_WARN_UNDECLARED_SELECTOR = YES;
				GCC_WARN_UNINITIALIZED_AUTOS = YES_AGGRESSIVE;
				GCC_WARN_UNUSED_FUNCTION = YES;
				GCC_WARN_UNUSED_VARIABLE = YES;
				IPHONEOS_DEPLOYMENT_TARGET = 10.2;
				MTL_ENABLE_DEBUG_INFO = NO;
				SDKROOT = iphoneos;
				VALIDATE_PRODUCT = YES;
			};
			name = Release;
		};
		6399FB5E1E4B81BB00EAF13E /* Debug */ = {
			isa = XCBuildConfiguration;
			baseConfigurationReference = B76B10CFB65663840F137FF1 /* Pods-LLRefreshDemo.debug.xcconfig */;
			buildSettings = {
				ASSETCATALOG_COMPILER_APPICON_NAME = AppIcon;
				DEVELOPMENT_TEAM = S63S4UNJRM;
				INFOPLIST_FILE = LLRefreshDemo/Info.plist;
				IPHONEOS_DEPLOYMENT_TARGET = 7.0;
				LD_RUNPATH_SEARCH_PATHS = "$(inherited) @executable_path/Frameworks";
				PRODUCT_BUNDLE_IDENTIFIER = com.ykms.LLRefreshDemo;
				PRODUCT_NAME = "$(TARGET_NAME)";
			};
			name = Debug;
		};
		6399FB5F1E4B81BB00EAF13E /* Release */ = {
			isa = XCBuildConfiguration;
			baseConfigurationReference = 64EAB2994DC71A4EA0F96A7E /* Pods-LLRefreshDemo.release.xcconfig */;
			buildSettings = {
				ASSETCATALOG_COMPILER_APPICON_NAME = AppIcon;
				DEVELOPMENT_TEAM = S63S4UNJRM;
				INFOPLIST_FILE = LLRefreshDemo/Info.plist;
				IPHONEOS_DEPLOYMENT_TARGET = 7.0;
				LD_RUNPATH_SEARCH_PATHS = "$(inherited) @executable_path/Frameworks";
				PRODUCT_BUNDLE_IDENTIFIER = com.ykms.LLRefreshDemo;
				PRODUCT_NAME = "$(TARGET_NAME)";
			};
			name = Release;
		};
/* End XCBuildConfiguration section */

/* Begin XCConfigurationList section */
		6399FB411E4B81BB00EAF13E /* Build configuration list for PBXProject "LLRefreshDemo" */ = {
			isa = XCConfigurationList;
			buildConfigurations = (
				6399FB5B1E4B81BB00EAF13E /* Debug */,
				6399FB5C1E4B81BB00EAF13E /* Release */,
			);
			defaultConfigurationIsVisible = 0;
			defaultConfigurationName = Release;
		};
		6399FB5D1E4B81BB00EAF13E /* Build configuration list for PBXNativeTarget "LLRefreshDemo" */ = {
			isa = XCConfigurationList;
			buildConfigurations = (
				6399FB5E1E4B81BB00EAF13E /* Debug */,
				6399FB5F1E4B81BB00EAF13E /* Release */,
			);
			defaultConfigurationIsVisible = 0;
			defaultConfigurationName = Release;
		};
/* End XCConfigurationList section */
	};
	rootObject = 6399FB3E1E4B81BB00EAF13E /* Project object */;
}
